
Microsoft Visual Studio Solution File, Format Version 12.00
# Visual Studio Version 17
VisualStudioVersion = 17.3.32825.248
MinimumVisualStudioVersion = 10.0.40219.1
Project("{FAE04EC0-301F-11D3-BF4B-00C04F79EFBC}") = "APIPix", "APIPix.csproj", "{C65B2E6A-5DE8-4102-9E99-370ACF21C079}"
EndProject
Project("{FAE04EC0-301F-11D3-BF4B-00C04F79EFBC}") = "APIPix.Business", "..\APIPix.Business\APIPix.Business.csproj", "{8137C3F7-D902-4E47-9607-61EA21C36FB6}"
	ProjectSection(ProjectDependencies) = postProject
		{5AFDA465-0E63-4586-B18A-DDE0B82BC883} = {5AFDA465-0E63-4586-B18A-DDE0B82BC883}
	EndProjectSection
EndProject
Project("{FAE04EC0-301F-11D3-BF4B-00C04F79EFBC}") = "APIPix.Repository", "..\APIPix.Repository\APIPix.Repository.csproj", "{5AFDA465-0E63-4586-B18A-DDE0B82BC883}"
	ProjectSection(ProjectDependencies) = postProject
		{9900C32F-79E5-474F-84F9-C9385D99E446} = {9900C32F-79E5-474F-84F9-C9385D99E446}
	EndProjectSection
EndProject
Project("{FAE04EC0-301F-11D3-BF4B-00C04F79EFBC}") = "APIPix.IoC", "..\APIPix.IoC\APIPix.IoC.csproj", "{EB33E63C-8B52-4573-B03B-26DA682AF224}"
	ProjectSection(ProjectDependencies) = postProject
		{8137C3F7-D902-4E47-9607-61EA21C36FB6} = {8137C3F7-D902-4E47-9607-61EA21C36FB6}
	EndProjectSection
EndProject
Project("{FAE04EC0-301F-11D3-BF4B-00C04F79EFBC}") = "APIPix.Entity", "..\APIPix.Entity\APIPix.Entity.csproj", "{9900C32F-79E5-474F-84F9-C9385D99E446}"
EndProject
Global
	GlobalSection(SolutionConfigurationPlatforms) = preSolution
		Debug|Any CPU = Debug|Any CPU
		Release|Any CPU = Release|Any CPU
	EndGlobalSection
	GlobalSection(ProjectConfigurationPlatforms) = postSolution
		{C65B2E6A-5DE8-4102-9E99-370ACF21C079}.Debug|Any CPU.ActiveCfg = Debug|Any CPU
		{C65B2E6A-5DE8-4102-9E99-370ACF21C079}.Debug|Any CPU.Build.0 = Debug|Any CPU
		{C65B2E6A-5DE8-4102-9E99-370ACF21C079}.Release|Any CPU.ActiveCfg = Release|Any CPU
		{C65B2E6A-5DE8-4102-9E99-370ACF21C079}.Release|Any CPU.Build.0 = Release|Any CPU
		{8137C3F7-D902-4E47-9607-61EA21C36FB6}.Debug|Any CPU.ActiveCfg = Debug|Any CPU
		{8137C3F7-D902-4E47-9607-61EA21C36FB6}.Debug|Any CPU.Build.0 = Debug|Any CPU
		{8137C3F7-D902-4E47-9607-61EA21C36FB6}.Release|Any CPU.ActiveCfg = Release|Any CPU
		{8137C3F7-D902-4E47-9607-61EA21C36FB6}.Release|Any CPU.Build.0 = Release|Any CPU
		{5AFDA465-0E63-4586-B18A-DDE0B82BC883}.Debug|Any CPU.ActiveCfg = Debug|Any CPU
		{5AFDA465-0E63-4586-B18A-DDE0B82BC883}.Debug|Any CPU.Build.0 = Debug|Any CPU
		{5AFDA465-0E63-4586-B18A-DDE0B82BC883}.Release|Any CPU.ActiveCfg = Release|Any CPU
		{5AFDA465-0E63-4586-B18A-DDE0B82BC883}.Release|Any CPU.Build.0 = Release|Any CPU
		{EB33E63C-8B52-4573-B03B-26DA682AF224}.Debug|Any CPU.ActiveCfg = Debug|Any CPU
		{EB33E63C-8B52-4573-B03B-26DA682AF224}.Debug|Any CPU.Build.0 = Debug|Any CPU
		{EB33E63C-8B52-4573-B03B-26DA682AF224}.Release|Any CPU.ActiveCfg = Release|Any CPU
		{EB33E63C-8B52-4573-B03B-26DA682AF224}.Release|Any CPU.Build.0 = Release|Any CPU
		{9900C32F-79E5-474F-84F9-C9385D99E446}.Debug|Any CPU.ActiveCfg = Debug|Any CPU
		{9900C32F-79E5-474F-84F9-C9385D99E446}.Debug|Any CPU.Build.0 = Debug|Any CPU
		{9900C32F-79E5-474F-84F9-C9385D99E446}.Release|Any CPU.ActiveCfg = Release|Any CPU
		{9900C32F-79E5-474F-84F9-C9385D99E446}.Release|Any CPU.Build.0 = Release|Any CPU
	EndGlobalSection
	GlobalSection(SolutionProperties) = preSolution
		HideSolutionNode = FALSE
	EndGlobalSection
	GlobalSection(ExtensibilityGlobals) = postSolution
		SolutionGuid = {411BADEC-AB82-4B6D-BE5A-33E92A0F9D15}
	EndGlobalSection
EndGlobal
